Microsoft Visual Studio Solution File, Format Version 12.00
# Visual Studio Version 17
VisualStudioVersion = 17.5.2.0
MinimumVisualStudioVersion = 10.0.40219.1
Project("{FAE04EC0-301F-11D3-BF4B-00C04F79EFBC}") = "Cadastro_de_Veiculos_CRUD", "Cadastro_de_Veiculos_CRUD.csproj", "{4E808476-3F88-E0C4-2652-2300C954852D}"
EndProject
Global
	GlobalSection(SolutionConfigurationPlatforms) = preSolution
		Debug|Any CPU = Debug|Any CPU
		Release|Any CPU = Release|Any CPU
	EndGlobalSection
	GlobalSection(ProjectConfigurationPlatforms) = postSolution
		{4E808476-3F88-E0C4-2652-2300C954852D}.Debug|Any CPU.ActiveCfg = Debug|Any CPU
		{4E808476-3F88-E0C4-2652-2300C954852D}.Debug|Any CPU.Build.0 = Debug|Any CPU
		{4E808476-3F88-E0C4-2652-2300C954852D}.Release|Any CPU.ActiveCfg = Release|Any CPU
		{4E808476-3F88-E0C4-2652-2300C954852D}.Release|Any CPU.Build.0 = Release|Any CPU
	EndGlobalSection
	GlobalSection(SolutionProperties) = preSolution
		HideSolutionNode = FALSE
	EndGlobalSection
	GlobalSection(ExtensibilityGlobals) = postSolution
		SolutionGuid = {973A202E-81B0-4D7B-81CB-DB49EB01EBE9}
	EndGlobalSection
EndGlobal
